
Microsoft Visual Studio Solution File, Format Version 12.00
# Visual Studio 14
VisualStudioVersion = 14.0.25123.0
MinimumVisualStudioVersion = 10.0.40219.1
Project("{FAE04EC0-301F-11D3-BF4B-00C04F79EFBC}") = "GUILayer", "GUILayer\GUILayer.csproj", "{05858D27-3014-4838-82AB-27767B0FA68E}"
EndProject
Project("{FAE04EC0-301F-11D3-BF4B-00C04F79EFBC}") = "BusinessLogicLayer", "BusinessLogicLayer\BusinessLogicLayer.csproj", "{7C236974-6C6E-4C86-B552-5DB523F34DB4}"
EndProject
Project("{FAE04EC0-301F-11D3-BF4B-00C04F79EFBC}") = "DataAccessLayer", "DataAccessLayer\DataAccessLayer.csproj", "{16A68BC0-2526-48CD-9E89-CA7DEEEFF24B}"
EndProject
Project("{FAE04EC0-301F-11D3-BF4B-00C04F79EFBC}") = "AssetLayer", "AssetLayer\AssetLayer.csproj", "{9461CE30-80EB-49FA-A37E-3F220E2818AE}"
EndProject
Global
	GlobalSection(SolutionConfigurationPlatforms) = preSolution
		Debug|Any CPU = Debug|Any CPU
		Release|Any CPU = Release|Any CPU
	EndGlobalSection
	GlobalSection(ProjectConfigurationPlatforms) = postSolution
		{05858D27-3014-4838-82AB-27767B0FA68E}.Debug|Any CPU.ActiveCfg = Debug|Any CPU
		{05858D27-3014-4838-82AB-27767B0FA68E}.Debug|Any CPU.Build.0 = Debug|Any CPU
		{05858D27-3014-4838-82AB-27767B0FA68E}.Release|Any CPU.ActiveCfg = Release|Any CPU
		{05858D27-3014-4838-82AB-27767B0FA68E}.Release|Any CPU.Build.0 = Release|Any CPU
		{7C236974-6C6E-4C86-B552-5DB523F34DB4}.Debug|Any CPU.ActiveCfg = Debug|Any CPU
		{7C236974-6C6E-4C86-B552-5DB523F34DB4}.Debug|Any CPU.Build.0 = Debug|Any CPU
		{7C236974-6C6E-4C86-B552-5DB523F34DB4}.Release|Any CPU.ActiveCfg = Release|Any CPU
		{7C236974-6C6E-4C86-B552-5DB523F34DB4}.Release|Any CPU.Build.0 = Release|Any CPU
		{16A68BC0-2526-48CD-9E89-CA7DEEEFF24B}.Debug|Any CPU.ActiveCfg = Debug|Any CPU
		{16A68BC0-2526-48CD-9E89-CA7DEEEFF24B}.Debug|Any CPU.Build.0 = Debug|Any CPU
		{16A68BC0-2526-48CD-9E89-CA7DEEEFF24B}.Release|Any CPU.ActiveCfg = Release|Any CPU
		{16A68BC0-2526-48CD-9E89-CA7DEEEFF24B}.Release|Any CPU.Build.0 = Release|Any CPU
		{9461CE30-80EB-49FA-A37E-3F220E2818AE}.Debug|Any CPU.ActiveCfg = Debug|Any CPU
		{9461CE30-80EB-49FA-A37E-3F220E2818AE}.Debug|Any CPU.Build.0 = Debug|Any CPU
		{9461CE30-80EB-49FA-A37E-3F220E2818AE}.Release|Any CPU.ActiveCfg = Release|Any CPU
		{9461CE30-80EB-49FA-A37E-3F220E2818AE}.Release|Any CPU.Build.0 = Release|Any CPU
	EndGlobalSection
	GlobalSection(SolutionProperties) = preSolution
		HideSolutionNode = FALSE
	EndGlobalSection
EndGlobal
